{
    "hash": "50f32fb7a3cf4fc3a36365a7ed2eaea3",
    "packages": [
        {
            "package": "behat/behat",
            "version": "v2.4.3"
        },
        {
            "package": "behat/gherkin",
            "version": "v2.2.2"
        },
        {
            "package": "knplabs/github-api",
            "version": "dev-master",
            "source-reference": "d6fae8668bbbbe5dd6aef6c0184cc1cbceeee513",
            "commit-date": "1343382102"
        },
        {
            "package": "kriswallsmith/buzz",
            "version": "v0.7"
        },
        {
            "package": "symfony/config",
            "version": "v2.0.16"
        },
        {
            "package": "symfony/console",
            "version": "v2.0.16"
        },
        {
            "package": "symfony/dependency-injection",
            "version": "v2.0.16"
        },
        {
            "package": "symfony/event-dispatcher",
            "version": "v2.0.16"
        },
        {
            "package": "symfony/finder",
            "version": "v2.0.16"
        },
        {
            "package": "symfony/translation",
            "version": "v2.0.16"
        },
        {
            "package": "symfony/yaml",
            "version": "v2.0.16"
        }
    ],
    "packages-dev": null,
    "aliases": [

    ],
    "minimum-stability": "dev",
    "stability-flags": {
        "knplabs/github-api": 20
    }
}
